
Microsoft Visual Studio Solution File, Format Version 12.00
# Visual Studio Version 16
VisualStudioVersion = 16.0.30523.141
MinimumVisualStudioVersion = 10.0.40219.1
Project("{FAE04EC0-301F-11D3-BF4B-00C04F79EFBC}") = "WebApplication1", "WebApplication1\WebApplication1.csproj", "{FDD2E47C-1B34-43F9-92CB-FD3362D4E1F5}"
EndProject
Global
	GlobalSection(SolutionConfigurationPlatforms) = preSolution
		Debug|Any CPU = Debug|Any CPU
		Release|Any CPU = Release|Any CPU
	EndGlobalSection
	GlobalSection(ProjectConfigurationPlatforms) = postSolution
		{FDD2E47C-1B34-43F9-92CB-FD3362D4E1F5}.Debug|Any CPU.ActiveCfg = Debug|Any CPU
		{FDD2E47C-1B34-43F9-92CB-FD3362D4E1F5}.Debug|Any CPU.Build.0 = Debug|Any CPU
		{FDD2E47C-1B34-43F9-92CB-FD3362D4E1F5}.Release|Any CPU.ActiveCfg = Release|Any CPU
		{FDD2E47C-1B34-43F9-92CB-FD3362D4E1F5}.Release|Any CPU.Build.0 = Release|Any CPU
	EndGlobalSection
	GlobalSection(SolutionProperties) = preSolution
		HideSolutionNode = FALSE
	EndGlobalSection
	GlobalSection(ExtensibilityGlobals) = postSolution
		SolutionGuid = {5E250985-E10E-4CD3-8653-AF0360D562FF}
	EndGlobalSection
EndGlobal
